Microsoft Visual Studio Solution File, Format Version 12.00
# Visual Studio Version 17
VisualStudioVersion = 17.5.2.0
MinimumVisualStudioVersion = 10.0.40219.1
Project("{FAE04EC0-301F-11D3-BF4B-00C04F79EFBC}") = "CacauShowApi324123267", "CacauShowApi324123267.csproj", "{C2EA66FB-BA76-8B5A-7AAC-13E27D69134D}"
EndProject
Global
	GlobalSection(SolutionConfigurationPlatforms) = preSolution
		Debug|Any CPU = Debug|Any CPU
		Release|Any CPU = Release|Any CPU
	EndGlobalSection
	GlobalSection(ProjectConfigurationPlatforms) = postSolution
		{C2EA66FB-BA76-8B5A-7AAC-13E27D69134D}.Debug|Any CPU.ActiveCfg = Debug|Any CPU
		{C2EA66FB-BA76-8B5A-7AAC-13E27D69134D}.Debug|Any CPU.Build.0 = Debug|Any CPU
		{C2EA66FB-BA76-8B5A-7AAC-13E27D69134D}.Release|Any CPU.ActiveCfg = Release|Any CPU
		{C2EA66FB-BA76-8B5A-7AAC-13E27D69134D}.Release|Any CPU.Build.0 = Release|Any CPU
	EndGlobalSection
	GlobalSection(SolutionProperties) = preSolution
		HideSolutionNode = FALSE
	EndGlobalSection
	GlobalSection(ExtensibilityGlobals) = postSolution
		SolutionGuid = {4BBE7458-B034-4C8C-BE47-69D08C3C93B0}
	EndGlobalSection
EndGlobal
